
Microsoft Visual Studio Solution File, Format Version 12.00
# Visual Studio Version 16
VisualStudioVersion = 16.0.31402.337
MinimumVisualStudioVersion = 10.0.40219.1
Project("{FAE04EC0-301F-11D3-BF4B-00C04F79EFBC}") = "TravelSmart", "TravelSmart\TravelSmart.csproj", "{C6D71403-B660-4B74-8BF3-3401A10DB795}"
EndProject
Global
	GlobalSection(SolutionConfigurationPlatforms) = preSolution
		Debug|Any CPU = Debug|Any CPU
		Release|Any CPU = Release|Any CPU
	EndGlobalSection
	GlobalSection(ProjectConfigurationPlatforms) = postSolution
		{C6D71403-B660-4B74-8BF3-3401A10DB795}.Debug|Any CPU.ActiveCfg = Debug|Any CPU
		{C6D71403-B660-4B74-8BF3-3401A10DB795}.Debug|Any CPU.Build.0 = Debug|Any CPU
		{C6D71403-B660-4B74-8BF3-3401A10DB795}.Release|Any CPU.ActiveCfg = Release|Any CPU
		{C6D71403-B660-4B74-8BF3-3401A10DB795}.Release|Any CPU.Build.0 = Release|Any CPU
	EndGlobalSection
	GlobalSection(SolutionProperties) = preSolution
		HideSolutionNode = FALSE
	EndGlobalSection
	GlobalSection(ExtensibilityGlobals) = postSolution
		SolutionGuid = {098E1255-1365-4425-8303-4B02A1F2BFE0}
	EndGlobalSection
EndGlobal
